
Microsoft Visual Studio Solution File, Format Version 12.00
# Visual Studio 2012
Project("{FAE04EC0-301F-11D3-BF4B-00C04F79EFBC}") = "CAPPamari.Web", "CAPPamari.Web\CAPPamari.Web.csproj", "{C66E2148-15FA-4AE8-BFB4-82F43706C68D}"
EndProject
Global
	GlobalSection(SolutionConfigurationPlatforms) = preSolution
		Debug|Any CPU = Debug|Any CPU
		Release|Any CPU = Release|Any CPU
	EndGlobalSection
	GlobalSection(ProjectConfigurationPlatforms) = postSolution
		{C66E2148-15FA-4AE8-BFB4-82F43706C68D}.Debug|Any CPU.ActiveCfg = Debug|Any CPU
		{C66E2148-15FA-4AE8-BFB4-82F43706C68D}.Debug|Any CPU.Build.0 = Debug|Any CPU
		{C66E2148-15FA-4AE8-BFB4-82F43706C68D}.Release|Any CPU.ActiveCfg = Release|Any CPU
		{C66E2148-15FA-4AE8-BFB4-82F43706C68D}.Release|Any CPU.Build.0 = Release|Any CPU
	EndGlobalSection
	GlobalSection(SolutionProperties) = preSolution
		HideSolutionNode = FALSE
	EndGlobalSection
EndGlobal
